
Microsoft Visual Studio Solution File, Format Version 12.00
# Visual Studio 15
VisualStudioVersion = 15.0.28307.1500
MinimumVisualStudioVersion = 10.0.40219.1
Project("{9A19103F-16F7-4668-BE54-9A1E7A4F7556}") = "GatherButton", "Deli.GatherButton\GatherButton.csproj", "{696C5901-CEFF-42B1-90F6-DF16E8609D89}"
EndProject
Global
	GlobalSection(SolutionConfigurationPlatforms) = preSolution
		Debug|Any CPU = Debug|Any CPU
		Release|Any CPU = Release|Any CPU
	EndGlobalSection
	GlobalSection(ProjectConfigurationPlatforms) = postSolution
		{696C5901-CEFF-42B1-90F6-DF16E8609D89}.Debug|Any CPU.ActiveCfg = Debug|Any CPU
		{696C5901-CEFF-42B1-90F6-DF16E8609D89}.Debug|Any CPU.Build.0 = Debug|Any CPU
		{696C5901-CEFF-42B1-90F6-DF16E8609D89}.Release|Any CPU.ActiveCfg = Release|Any CPU
		{696C5901-CEFF-42B1-90F6-DF16E8609D89}.Release|Any CPU.Build.0 = Release|Any CPU
	EndGlobalSection
	GlobalSection(SolutionProperties) = preSolution
		HideSolutionNode = FALSE
	EndGlobalSection
	GlobalSection(ExtensibilityGlobals) = postSolution
		SolutionGuid = {C11CFB85-42B4-4E81-8443-3D2841031DDD}
	EndGlobalSection
EndGlobal
